
Microsoft Visual Studio Solution File, Format Version 12.00
# Visual Studio Version 16
VisualStudioVersion = 16.0.29609.76
MinimumVisualStudioVersion = 10.0.40219.1
Project("{FAE04EC0-301F-11D3-BF4B-00C04F79EFBC}") = "HW10.Task5", "HW10.Task5.csproj", "{8C871909-3D9E-4ACF-AA26-E8E05FBE1948}"
EndProject
Global
	GlobalSection(SolutionConfigurationPlatforms) = preSolution
		Debug|Any CPU = Debug|Any CPU
		Release|Any CPU = Release|Any CPU
	EndGlobalSection
	GlobalSection(ProjectConfigurationPlatforms) = postSolution
		{8C871909-3D9E-4ACF-AA26-E8E05FBE1948}.Debug|Any CPU.ActiveCfg = Debug|Any CPU
		{8C871909-3D9E-4ACF-AA26-E8E05FBE1948}.Debug|Any CPU.Build.0 = Debug|Any CPU
		{8C871909-3D9E-4ACF-AA26-E8E05FBE1948}.Release|Any CPU.ActiveCfg = Release|Any CPU
		{8C871909-3D9E-4ACF-AA26-E8E05FBE1948}.Release|Any CPU.Build.0 = Release|Any CPU
	EndGlobalSection
	GlobalSection(SolutionProperties) = preSolution
		HideSolutionNode = FALSE
	EndGlobalSection
	GlobalSection(ExtensibilityGlobals) = postSolution
		SolutionGuid = {85D7FCA1-5378-4C91-8005-5F9F90676F5A}
	EndGlobalSection
EndGlobal
