
Microsoft Visual Studio Solution File, Format Version 12.00
# Visual Studio Version 16
VisualStudioVersion = 16.0.29609.76
MinimumVisualStudioVersion = 10.0.40219.1
Project("{FAE04EC0-301F-11D3-BF4B-00C04F79EFBC}") = "HW10.Task2", "HW10.Task2.csproj", "{D4084601-93DA-4259-9127-461A1AE05900}"
EndProject
Global
	GlobalSection(SolutionConfigurationPlatforms) = preSolution
		Debug|Any CPU = Debug|Any CPU
		Release|Any CPU = Release|Any CPU
	EndGlobalSection
	GlobalSection(ProjectConfigurationPlatforms) = postSolution
		{D4084601-93DA-4259-9127-461A1AE05900}.Debug|Any CPU.ActiveCfg = Debug|Any CPU
		{D4084601-93DA-4259-9127-461A1AE05900}.Debug|Any CPU.Build.0 = Debug|Any CPU
		{D4084601-93DA-4259-9127-461A1AE05900}.Release|Any CPU.ActiveCfg = Release|Any CPU
		{D4084601-93DA-4259-9127-461A1AE05900}.Release|Any CPU.Build.0 = Release|Any CPU
	EndGlobalSection
	GlobalSection(SolutionProperties) = preSolution
		HideSolutionNode = FALSE
	EndGlobalSection
	GlobalSection(ExtensibilityGlobals) = postSolution
		SolutionGuid = {72F3443C-F603-423D-A51A-BC06D423CFB9}
	EndGlobalSection
EndGlobal
