
Microsoft Visual Studio Solution File, Format Version 12.00
# Visual Studio Version 16
VisualStudioVersion = 16.0.29609.76
MinimumVisualStudioVersion = 10.0.40219.1
Project("{FAE04EC0-301F-11D3-BF4B-00C04F79EFBC}") = "HW11", "HW11.csproj", "{C1F5A16A-15BD-4B1B-B4B9-6E6CB7062568}"
EndProject
Global
	GlobalSection(SolutionConfigurationPlatforms) = preSolution
		Debug|Any CPU = Debug|Any CPU
		Release|Any CPU = Release|Any CPU
	EndGlobalSection
	GlobalSection(ProjectConfigurationPlatforms) = postSolution
		{C1F5A16A-15BD-4B1B-B4B9-6E6CB7062568}.Debug|Any CPU.ActiveCfg = Debug|Any CPU
		{C1F5A16A-15BD-4B1B-B4B9-6E6CB7062568}.Debug|Any CPU.Build.0 = Debug|Any CPU
		{C1F5A16A-15BD-4B1B-B4B9-6E6CB7062568}.Release|Any CPU.ActiveCfg = Release|Any CPU
		{C1F5A16A-15BD-4B1B-B4B9-6E6CB7062568}.Release|Any CPU.Build.0 = Release|Any CPU
	EndGlobalSection
	GlobalSection(SolutionProperties) = preSolution
		HideSolutionNode = FALSE
	EndGlobalSection
	GlobalSection(ExtensibilityGlobals) = postSolution
		SolutionGuid = {08389CBE-B30B-48AB-81D8-C82D87101A31}
	EndGlobalSection
EndGlobal
