
Microsoft Visual Studio Solution File, Format Version 12.00
# Visual Studio Version 16
VisualStudioVersion = 16.0.29609.76
MinimumVisualStudioVersion = 10.0.40219.1
Project("{FAE04EC0-301F-11D3-BF4B-00C04F79EFBC}") = "HW9", "HW9.csproj", "{14F96D86-9B19-4E6A-806F-CE58CA9207F5}"
EndProject
Global
	GlobalSection(SolutionConfigurationPlatforms) = preSolution
		Debug|Any CPU = Debug|Any CPU
		Release|Any CPU = Release|Any CPU
	EndGlobalSection
	GlobalSection(ProjectConfigurationPlatforms) = postSolution
		{14F96D86-9B19-4E6A-806F-CE58CA9207F5}.Debug|Any CPU.ActiveCfg = Debug|Any CPU
		{14F96D86-9B19-4E6A-806F-CE58CA9207F5}.Debug|Any CPU.Build.0 = Debug|Any CPU
		{14F96D86-9B19-4E6A-806F-CE58CA9207F5}.Release|Any CPU.ActiveCfg = Release|Any CPU
		{14F96D86-9B19-4E6A-806F-CE58CA9207F5}.Release|Any CPU.Build.0 = Release|Any CPU
	EndGlobalSection
	GlobalSection(SolutionProperties) = preSolution
		HideSolutionNode = FALSE
	EndGlobalSection
	GlobalSection(ExtensibilityGlobals) = postSolution
		SolutionGuid = {5E675187-30CF-4922-A298-D2589E6E0263}
	EndGlobalSection
EndGlobal
