
Microsoft Visual Studio Solution File, Format Version 12.00
# Visual Studio Version 16
VisualStudioVersion = 16.0.29609.76
MinimumVisualStudioVersion = 10.0.40219.1
Project("{FAE04EC0-301F-11D3-BF4B-00C04F79EFBC}") = "HW06.Task2", "HW06.Task2.csproj", "{3E7A283F-99D0-45C7-8004-38EE5C080014}"
EndProject
Global
	GlobalSection(SolutionConfigurationPlatforms) = preSolution
		Debug|Any CPU = Debug|Any CPU
		Release|Any CPU = Release|Any CPU
	EndGlobalSection
	GlobalSection(ProjectConfigurationPlatforms) = postSolution
		{3E7A283F-99D0-45C7-8004-38EE5C080014}.Debug|Any CPU.ActiveCfg = Debug|Any CPU
		{3E7A283F-99D0-45C7-8004-38EE5C080014}.Debug|Any CPU.Build.0 = Debug|Any CPU
		{3E7A283F-99D0-45C7-8004-38EE5C080014}.Release|Any CPU.ActiveCfg = Release|Any CPU
		{3E7A283F-99D0-45C7-8004-38EE5C080014}.Release|Any CPU.Build.0 = Release|Any CPU
	EndGlobalSection
	GlobalSection(SolutionProperties) = preSolution
		HideSolutionNode = FALSE
	EndGlobalSection
	GlobalSection(ExtensibilityGlobals) = postSolution
		SolutionGuid = {D1930A48-1160-40B2-AF7F-E65C5D559595}
	EndGlobalSection
EndGlobal
