
Microsoft Visual Studio Solution File, Format Version 12.00
# Visual Studio Version 16
VisualStudioVersion = 16.0.29519.181
MinimumVisualStudioVersion = 10.0.40219.1
Project("{FAE04EC0-301F-11D3-BF4B-00C04F79EFBC}") = "HW03.Task1", "HW03.Task1.csproj", "{DCD4060F-DB9C-4045-8AE3-6EC7B88858F2}"
EndProject
Global
	GlobalSection(SolutionConfigurationPlatforms) = preSolution
		Debug|Any CPU = Debug|Any CPU
		Release|Any CPU = Release|Any CPU
	EndGlobalSection
	GlobalSection(ProjectConfigurationPlatforms) = postSolution
		{DCD4060F-DB9C-4045-8AE3-6EC7B88858F2}.Debug|Any CPU.ActiveCfg = Debug|Any CPU
		{DCD4060F-DB9C-4045-8AE3-6EC7B88858F2}.Debug|Any CPU.Build.0 = Debug|Any CPU
		{DCD4060F-DB9C-4045-8AE3-6EC7B88858F2}.Release|Any CPU.ActiveCfg = Release|Any CPU
		{DCD4060F-DB9C-4045-8AE3-6EC7B88858F2}.Release|Any CPU.Build.0 = Release|Any CPU
	EndGlobalSection
	GlobalSection(SolutionProperties) = preSolution
		HideSolutionNode = FALSE
	EndGlobalSection
	GlobalSection(ExtensibilityGlobals) = postSolution
		SolutionGuid = {80AA2D86-D350-4E51-AF03-33D0F989285D}
	EndGlobalSection
EndGlobal
